
Microsoft Visual Studio Solution File, Format Version 12.00
# Visual Studio Version 16
VisualStudioVersion = 16.0.28922.388
MinimumVisualStudioVersion = 10.0.40219.1
Project("{888888A0-9F3D-457C-B088-3A5042F75D52}") = "PythonCollectionExample.HelloPython", "PythonCollectionExample.HelloPython\PythonCollectionExample.HelloPython.pyproj", "{D0923DBC-D018-4624-94A1-1CE9F57C2F9E}"
EndProject
Project("{888888A0-9F3D-457C-B088-3A5042F75D52}") = "PythonCollectionExample.MathematicalOperations", "PythonCollectionExample.MathematicalOperations\PythonCollectionExample.MathematicalOperations.pyproj", "{1B7ECBFA-277E-4FEE-B931-8991AD6896C7}"
EndProject
Project("{888888A0-9F3D-457C-B088-3A5042F75D52}") = "PythonCollectionExample.FactorialCalculation", "PythonCollectionExample.FactorialCalculation\PythonCollectionExample.FactorialCalculation.pyproj", "{B2FE9DED-3707-4980-B07D-3D8FF3C88CDB}"
EndProject
Project("{888888A0-9F3D-457C-B088-3A5042F75D52}") = "PythonCollectionExample.SecondOrderLinearEquations", "PythonCollectionExample.SecondOrderLinearEquations\PythonCollectionExample.SecondOrderLinearEquations.pyproj", "{1278CFA0-8C09-4CCC-91A3-E941697C994B}"
EndProject
Project("{888888A0-9F3D-457C-B088-3A5042F75D52}") = "PythonCollectionExample.RectangleCalculation", "PythonCollectionExample.RectangleCalculation\PythonCollectionExample.RectangleCalculation.pyproj", "{A8800B45-FD31-4585-84C6-523316B2C8E5}"
EndProject
Project("{888888A0-9F3D-457C-B088-3A5042F75D52}") = "PythonCollectionExample.NumberSingleOrDouble", "PythonCollectionExample.NumberSingleOrDouble\PythonCollectionExample.NumberSingleOrDouble.pyproj", "{CBF64D31-07D5-4A9E-AB01-B5844FFDB56E}"
EndProject
Project("{888888A0-9F3D-457C-B088-3A5042F75D52}") = "PythonCollectionExample.PrimeNumber", "PythonCollectionExample.PrimeNumber\PythonCollectionExample.PrimeNumber.pyproj", "{92826C9B-A92C-45BD-A68B-2E9256A37EBA}"
EndProject
Project("{888888A0-9F3D-457C-B088-3A5042F75D52}") = "PythonCollectionExample.SpeedControlAplication", "PythonCollectionExample.SpeedControlAplication\PythonCollectionExample.SpeedControlAplication.pyproj", "{C08B0CD0-5AB3-464D-A77D-044669DE3BD0}"
EndProject
Global
	GlobalSection(SolutionConfigurationPlatforms) = preSolution
		Debug|Any CPU = Debug|Any CPU
		Release|Any CPU = Release|Any CPU
	EndGlobalSection
	GlobalSection(ProjectConfigurationPlatforms) = postSolution
		{D0923DBC-D018-4624-94A1-1CE9F57C2F9E}.Debug|Any CPU.ActiveCfg = Debug|Any CPU
		{D0923DBC-D018-4624-94A1-1CE9F57C2F9E}.Release|Any CPU.ActiveCfg = Release|Any CPU
		{1B7ECBFA-277E-4FEE-B931-8991AD6896C7}.Debug|Any CPU.ActiveCfg = Debug|Any CPU
		{1B7ECBFA-277E-4FEE-B931-8991AD6896C7}.Release|Any CPU.ActiveCfg = Release|Any CPU
		{B2FE9DED-3707-4980-B07D-3D8FF3C88CDB}.Debug|Any CPU.ActiveCfg = Debug|Any CPU
		{B2FE9DED-3707-4980-B07D-3D8FF3C88CDB}.Release|Any CPU.ActiveCfg = Release|Any CPU
		{1278CFA0-8C09-4CCC-91A3-E941697C994B}.Debug|Any CPU.ActiveCfg = Debug|Any CPU
		{1278CFA0-8C09-4CCC-91A3-E941697C994B}.Release|Any CPU.ActiveCfg = Release|Any CPU
		{A8800B45-FD31-4585-84C6-523316B2C8E5}.Debug|Any CPU.ActiveCfg = Debug|Any CPU
		{A8800B45-FD31-4585-84C6-523316B2C8E5}.Release|Any CPU.ActiveCfg = Release|Any CPU
		{CBF64D31-07D5-4A9E-AB01-B5844FFDB56E}.Debug|Any CPU.ActiveCfg = Debug|Any CPU
		{CBF64D31-07D5-4A9E-AB01-B5844FFDB56E}.Release|Any CPU.ActiveCfg = Release|Any CPU
		{92826C9B-A92C-45BD-A68B-2E9256A37EBA}.Debug|Any CPU.ActiveCfg = Debug|Any CPU
		{92826C9B-A92C-45BD-A68B-2E9256A37EBA}.Release|Any CPU.ActiveCfg = Release|Any CPU
		{C08B0CD0-5AB3-464D-A77D-044669DE3BD0}.Debug|Any CPU.ActiveCfg = Debug|Any CPU
		{C08B0CD0-5AB3-464D-A77D-044669DE3BD0}.Release|Any CPU.ActiveCfg = Release|Any CPU
	EndGlobalSection
	GlobalSection(SolutionProperties) = preSolution
		HideSolutionNode = FALSE
	EndGlobalSection
	GlobalSection(ExtensibilityGlobals) = postSolution
		SolutionGuid = {12E60867-9032-43EF-8F4A-49419A03341A}
	EndGlobalSection
EndGlobal
